{
  "pins" : [
    {
      "identity" : "kingfisher",
      "kind" : "remoteSourceControl",
      "location" : "https://github.com/onevcat/Kingfisher.git",
      "state" : {
        "revision" : "5b92f029fab2cce44386d28588098b5be0824ef5",
        "version" : "7.11.0"
      }
    },
    {
      "identity" : "sidebarcomponent",
      "kind" : "remoteSourceControl",
      "location" : "https://github.com/SthembisoNdhlazi/SideBarComponent.git",
      "state" : {
        "revision" : "9b341b66f11a34b0ebd67b3180d184eca29ccae5",
        "version" : "1.0.4"
      }
    }
  ],
  "version" : 2
}
